
Microsoft Visual Studio Solution File, Format Version 12.00
# Visual Studio 15
Project("{FAE04EC0-301F-11D3-BF4B-00C04F79EFBC}") = "MyTestProject.Plugins", "MyTestProject.Plugins.csproj", "{38C41222-1CF6-21E4-9958-0D39CCB199C9}"
EndProject
Project("{FAE04EC0-301F-11D3-BF4B-00C04F79EFBC}") = "MyTestProject", "MyTestProject.csproj", "{18E6BECB-5FAD-8387-3FEB-A21056E5E954}"
EndProject
Global
	GlobalSection(SolutionConfigurationPlatforms) = preSolution
		Debug|Any CPU = Debug|Any CPU
		Release|Any CPU = Release|Any CPU
	EndGlobalSection
	GlobalSection(ProjectConfigurationPlatforms) = postSolution
		{38C41222-1CF6-21E4-9958-0D39CCB199C9}.Debug|Any CPU.ActiveCfg = Debug|Any CPU
		{38C41222-1CF6-21E4-9958-0D39CCB199C9}.Debug|Any CPU.Build.0 = Debug|Any CPU
		{38C41222-1CF6-21E4-9958-0D39CCB199C9}.Release|Any CPU.ActiveCfg = Release|Any CPU
		{38C41222-1CF6-21E4-9958-0D39CCB199C9}.Release|Any CPU.Build.0 = Release|Any CPU
		{18E6BECB-5FAD-8387-3FEB-A21056E5E954}.Debug|Any CPU.ActiveCfg = Debug|Any CPU
		{18E6BECB-5FAD-8387-3FEB-A21056E5E954}.Debug|Any CPU.Build.0 = Debug|Any CPU
		{18E6BECB-5FAD-8387-3FEB-A21056E5E954}.Release|Any CPU.ActiveCfg = Release|Any CPU
		{18E6BECB-5FAD-8387-3FEB-A21056E5E954}.Release|Any CPU.Build.0 = Release|Any CPU
	EndGlobalSection
	GlobalSection(SolutionProperties) = preSolution
		HideSolutionNode = FALSE
	EndGlobalSection
EndGlobal
